{
  "name": "redis-pubsub-subscriber",
  "lockfileVersion": 3,
  "requires": true,
  "packages": {
    "": {
      "dependencies": {
        "redis": "^2.5.3"
      }
    },
    "node_modules/double-ended-queue": {
      "version": "2.1.0-0",
      "resolved": "https://registry.npmjs.org/double-ended-queue/-/double-ended-queue-2.1.0-0.tgz",
      "integrity": "sha512-+BNfZ+deCo8hMNpDqDnvT+c0XpJ5cUa6mqYq89bho2Ifze4URTqRkcwR399hWoTrTkbZ/XJYDgP6rc7pRgffEQ=="
    },
    "node_modules/redis": {
      "version": "2.5.3",
      "resolved": "https://registry.npmjs.org/redis/-/redis-2.5.3.tgz",
      "integrity": "sha512-ycbUSP2grsmozTz0seAd24Zm3qRU7jhiITliyg/WLy6Tb02P/SsrHSGucvmxdZKi0ljAp2s+s9X3BF67w9fApQ==",
      "dependencies": {
        "double-ended-queue": "^2.1.0-0",
        "redis-commands": "^1.0.1",
        "redis-parser": "^1.1.0"
      },
      "engines": {
        "node": ">=0.10.0"
      }
    },
    "node_modules/redis-commands": {
      "version": "1.7.0",
      "resolved": "https://registry.npmjs.org/redis-commands/-/redis-commands-1.7.0.tgz",
      "integrity": "sha512-nJWqw3bTFy21hX/CPKHth6sfhZbdiHP6bTawSgQBlKOVRG7EZkfHbbHwQJnrE4vsQf0CMNE+3gJ4Fmm16vdVlQ=="
    },
    "node_modules/redis-parser": {
      "version": "1.3.0",
      "resolved": "https://registry.npmjs.org/redis-parser/-/redis-parser-1.3.0.tgz",
      "integrity": "sha512-pPJS2ChF11wKm+YsHrRKON3m6MLGjBS+o9aXn6AjQqip+qMzk0zIG//jEagK+nKO5zrNljI1IdNV8JcvKrs0Iw==",
      "engines": {
        "node": ">=0.10.0"
      }
    }
  }
}
